// !$*UTF8*$!
{
	archiveVersion = 1;
	classes = {
	};
	objectVersion = 50;
	objects = {

/* Begin PBXBuildFile section */
		5306459C254C2573002FF1A9 /* AuthEndpoint.swift in Sources */ = {isa = PBXBuildFile; fileRef = 5306459B254C2573002FF1A9 /* AuthEndpoint.swift */; };
		530645A2254C2E36002FF1A9 /* AuthConstants.swift in Sources */ = {isa = PBXBuildFile; fileRef = 530645A1254C2E36002FF1A9 /* AuthConstants.swift */; };
		530811FE2553EB3A0058BFAE /* FriendsConstants.swift in Sources */ = {isa = PBXBuildFile; fileRef = 530811FD2553EB3A0058BFAE /* FriendsConstants.swift */; };
		530812032553F6340058BFAE /* FriendsContainer.swift in Sources */ = {isa = PBXBuildFile; fileRef = 530812022553F6340058BFAE /* FriendsContainer.swift */; };
		5308120D255550130058BFAE /* Utils.swift in Sources */ = {isa = PBXBuildFile; fileRef = 5308120C255550130058BFAE /* Utils.swift */; };
		534FB3FC2553348F00B81EEE /* ViewControllerExtension.swift in Sources */ = {isa = PBXBuildFile; fileRef = 534FB3FB2553348E00B81EEE /* ViewControllerExtension.swift */; };
		5354F845255159810015798B /* CircularImageView.swift in Sources */ = {isa = PBXBuildFile; fileRef = 5354F844255159810015798B /* CircularImageView.swift */; };
		5354F84A25515BBE0015798B /* FriendsListViewController.swift in Sources */ = {isa = PBXBuildFile; fileRef = 5354F84925515BBE0015798B /* FriendsListViewController.swift */; };
		5354F84F255164500015798B /* Cell.swift in Sources */ = {isa = PBXBuildFile; fileRef = 5354F84E255164500015798B /* Cell.swift */; };
		5354F854255165500015798B /* FriendCell.swift in Sources */ = {isa = PBXBuildFile; fileRef = 5354F853255165500015798B /* FriendCell.swift */; };
		53687DB5254C4C5D00886D8C /* ServiceError.swift in Sources */ = {isa = PBXBuildFile; fileRef = 53687DB4254C4C5D00886D8C /* ServiceError.swift */; };
		53687DBF254C4FE500886D8C /* DataLoader.swift in Sources */ = {isa = PBXBuildFile; fileRef = 53687DBE254C4FE500886D8C /* DataLoader.swift */; };
		53687DC4254CAFE400886D8C /* NetworkError.swift in Sources */ = {isa = PBXBuildFile; fileRef = 53687DC3254CAFE400886D8C /* NetworkError.swift */; };
		53687DCC254D5D0D00886D8C /* Response.swift in Sources */ = {isa = PBXBuildFile; fileRef = 53687DCB254D5D0D00886D8C /* Response.swift */; };
		53765175254C401A0067A817 /* UserViewController.swift in Sources */ = {isa = PBXBuildFile; fileRef = 53765174254C401A0067A817 /* UserViewController.swift */; };
		5376517E254C413D0067A817 /* User.swift in Sources */ = {isa = PBXBuildFile; fileRef = 5376517D254C413D0067A817 /* User.swift */; };
		53765183254C49BC0067A817 /* FriendsService.swift in Sources */ = {isa = PBXBuildFile; fileRef = 53765182254C49BC0067A817 /* FriendsService.swift */; };
		53765189254C49DF0067A817 /* UserService.swift in Sources */ = {isa = PBXBuildFile; fileRef = 53765188254C49DF0067A817 /* UserService.swift */; };
		53765194254C4ABE0067A817 /* UserConstants.swift in Sources */ = {isa = PBXBuildFile; fileRef = 53765193254C4ABE0067A817 /* UserConstants.swift */; };
		538832E7254D7FB7004C6A73 /* ImageViewExtensions.swift in Sources */ = {isa = PBXBuildFile; fileRef = 538832E6254D7FB7004C6A73 /* ImageViewExtensions.swift */; };
		53E09D472558680E00ACEF77 /* LoginCoordinator.swift in Sources */ = {isa = PBXBuildFile; fileRef = 53E09D462558680E00ACEF77 /* LoginCoordinator.swift */; };
		53E09D4F25586F1F00ACEF77 /* UserCoordinator.swift in Sources */ = {isa = PBXBuildFile; fileRef = 53E09D4E25586F1F00ACEF77 /* UserCoordinator.swift */; };
		53EEDF0E254B242B0039C5BC /* AppDelegate.swift in Sources */ = {isa = PBXBuildFile; fileRef = 53EEDF0D254B242B0039C5BC /* AppDelegate.swift */; };
		53EEDF10254B242B0039C5BC /* SceneDelegate.swift in Sources */ = {isa = PBXBuildFile; fileRef = 53EEDF0F254B242B0039C5BC /* SceneDelegate.swift */; };
		53EEDF15254B242B0039C5BC /* Main.storyboard in Resources */ = {isa = PBXBuildFile; fileRef = 53EEDF13254B242B0039C5BC /* Main.storyboard */; };
		53EEDF17254B242D0039C5BC /* Assets.xcassets in Resources */ = {isa = PBXBuildFile; fileRef = 53EEDF16254B242D0039C5BC /* Assets.xcassets */; };
		53EEDF1A254B242D0039C5BC /* LaunchScreen.storyboard in Resources */ = {isa = PBXBuildFile; fileRef = 53EEDF18254B242D0039C5BC /* LaunchScreen.storyboard */; };
		53EEDF25254B242D0039C5BC /* Friends_Viewer_AppTests.swift in Sources */ = {isa = PBXBuildFile; fileRef = 53EEDF24254B242D0039C5BC /* Friends_Viewer_AppTests.swift */; };
		53EEDF30254B242D0039C5BC /* Friends_Viewer_AppUITests.swift in Sources */ = {isa = PBXBuildFile; fileRef = 53EEDF2F254B242D0039C5BC /* Friends_Viewer_AppUITests.swift */; };
		53EEDF41254B24430039C5BC /* Coordinator.swift in Sources */ = {isa = PBXBuildFile; fileRef = 53EEDF40254B24430039C5BC /* Coordinator.swift */; };
		53EEDF46254B24680039C5BC /* MainCoordinator.swift in Sources */ = {isa = PBXBuildFile; fileRef = 53EEDF45254B24680039C5BC /* MainCoordinator.swift */; };
		53EEDF4B254B247E0039C5BC /* Storyboarded.swift in Sources */ = {isa = PBXBuildFile; fileRef = 53EEDF4A254B247E0039C5BC /* Storyboarded.swift */; };
		53EEDF53254B24A80039C5BC /* LoginViewController.swift in Sources */ = {isa = PBXBuildFile; fileRef = 53EEDF52254B24A80039C5BC /* LoginViewController.swift */; };
		53EEDF58254B24D30039C5BC /* AuthenticationService.swift in Sources */ = {isa = PBXBuildFile; fileRef = 53EEDF57254B24D30039C5BC /* AuthenticationService.swift */; };
		53EEDF5D254B38B50039C5BC /* Extensions.swift in Sources */ = {isa = PBXBuildFile; fileRef = 53EEDF5C254B38B50039C5BC /* Extensions.swift */; };
		53EEDF62254B39B90039C5BC /* Endpoint.swift in Sources */ = {isa = PBXBuildFile; fileRef = 53EEDF61254B39B90039C5BC /* Endpoint.swift */; };
/* End PBXBuildFile section */

/* Begin PBXContainerItemProxy section */
		53EEDF21254B242D0039C5BC /* PBXContainerItemProxy */ = {
			isa = PBXContainerItemProxy;
			containerPortal = 53EEDF02254B242B0039C5BC /* Project object */;
			proxyType = 1;
			remoteGlobalIDString = 53EEDF09254B242B0039C5BC;
			remoteInfo = "Friends Viewer App";
		};
		53EEDF2C254B242D0039C5BC /* PBXContainerItemProxy */ = {
			isa = PBXContainerItemProxy;
			containerPortal = 53EEDF02254B242B0039C5BC /* Project object */;
			proxyType = 1;
			remoteGlobalIDString = 53EEDF09254B242B0039C5BC;
			remoteInfo = "Friends Viewer App";
		};
/* End PBXContainerItemProxy section */

/* Begin PBXFileReference section */
		5306459B254C2573002FF1A9 /* AuthEndpoint.swift */ = {isa = PBXFileReference; lastKnownFileType = sourcecode.swift; path = AuthEndpoint.swift; sourceTree = "<group>"; };
		530645A1254C2E36002FF1A9 /* AuthConstants.swift */ = {isa = PBXFileReference; lastKnownFileType = sourcecode.swift; path = AuthConstants.swift; sourceTree = "<group>"; };
		530811FD2553EB3A0058BFAE /* FriendsConstants.swift */ = {isa = PBXFileReference; lastKnownFileType = sourcecode.swift; path = FriendsConstants.swift; sourceTree = "<group>"; };
		530812022553F6340058BFAE /* FriendsContainer.swift */ = {isa = PBXFileReference; lastKnownFileType = sourcecode.swift; path = FriendsContainer.swift; sourceTree = "<group>"; };
		5308120C255550130058BFAE /* Utils.swift */ = {isa = PBXFileReference; lastKnownFileType = sourcecode.swift; path = Utils.swift; sourceTree = "<group>"; };
		534FB3FB2553348E00B81EEE /* ViewControllerExtension.swift */ = {isa = PBXFileReference; lastKnownFileType = sourcecode.swift; path = ViewControllerExtension.swift; sourceTree = "<group>"; };
		5354F844255159810015798B /* CircularImageView.swift */ = {isa = PBXFileReference; lastKnownFileType = sourcecode.swift; path = CircularImageView.swift; sourceTree = "<group>"; };
		5354F84925515BBE0015798B /* FriendsListViewController.swift */ = {isa = PBXFileReference; lastKnownFileType = sourcecode.swift; path = FriendsListViewController.swift; sourceTree = "<group>"; };
		5354F84E255164500015798B /* Cell.swift */ = {isa = PBXFileReference; lastKnownFileType = sourcecode.swift; path = Cell.swift; sourceTree = "<group>"; };
		5354F853255165500015798B /* FriendCell.swift */ = {isa = PBXFileReference; lastKnownFileType = sourcecode.swift; path = FriendCell.swift; sourceTree = "<group>"; };
		53687DB4254C4C5D00886D8C /* ServiceError.swift */ = {isa = PBXFileReference; lastKnownFileType = sourcecode.swift; path = ServiceError.swift; sourceTree = "<group>"; };
		53687DBE254C4FE500886D8C /* DataLoader.swift */ = {isa = PBXFileReference; lastKnownFileType = sourcecode.swift; path = DataLoader.swift; sourceTree = "<group>"; };
		53687DC3254CAFE400886D8C /* NetworkError.swift */ = {isa = PBXFileReference; lastKnownFileType = sourcecode.swift; path = NetworkError.swift; sourceTree = "<group>"; };
		53687DCB254D5D0D00886D8C /* Response.swift */ = {isa = PBXFileReference; lastKnownFileType = sourcecode.swift; path = Response.swift; sourceTree = "<group>"; };
		53765174254C401A0067A817 /* UserViewController.swift */ = {isa = PBXFileReference; lastKnownFileType = sourcecode.swift; path = UserViewController.swift; sourceTree = "<group>"; };
		5376517D254C413D0067A817 /* User.swift */ = {isa = PBXFileReference; lastKnownFileType = sourcecode.swift; path = User.swift; sourceTree = "<group>"; };
		53765182254C49BC0067A817 /* FriendsService.swift */ = {isa = PBXFileReference; lastKnownFileType = sourcecode.swift; path = FriendsService.swift; sourceTree = "<group>"; };
		53765188254C49DF0067A817 /* UserService.swift */ = {isa = PBXFileReference; lastKnownFileType = sourcecode.swift; path = UserService.swift; sourceTree = "<group>"; };
		53765193254C4ABE0067A817 /* UserConstants.swift */ = {isa = PBXFileReference; lastKnownFileType = sourcecode.swift; path = UserConstants.swift; sourceTree = "<group>"; };
		538832E6254D7FB7004C6A73 /* ImageViewExtensions.swift */ = {isa = PBXFileReference; lastKnownFileType = sourcecode.swift; path = ImageViewExtensions.swift; sourceTree = "<group>"; };
		53E09D462558680E00ACEF77 /* LoginCoordinator.swift */ = {isa = PBXFileReference; lastKnownFileType = sourcecode.swift; path = LoginCoordinator.swift; sourceTree = "<group>"; };
		53E09D4E25586F1F00ACEF77 /* UserCoordinator.swift */ = {isa = PBXFileReference; lastKnownFileType = sourcecode.swift; path = UserCoordinator.swift; sourceTree = "<group>"; };
		53EEDF0A254B242B0039C5BC /* Friends Viewer App.app */ = {isa = PBXFileReference; explicitFileType = wrapper.application; includeInIndex = 0; path = "Friends Viewer App.app"; sourceTree = BUILT_PRODUCTS_DIR; };
		53EEDF0D254B242B0039C5BC /* AppDelegate.swift */ = {isa = PBXFileReference; lastKnownFileType = sourcecode.swift; path = AppDelegate.swift; sourceTree = "<group>"; };
		53EEDF0F254B242B0039C5BC /* SceneDelegate.swift */ = {isa = PBXFileReference; lastKnownFileType = sourcecode.swift; path = SceneDelegate.swift; sourceTree = "<group>"; };
		53EEDF14254B242B0039C5BC /* Base */ = {isa = PBXFileReference; lastKnownFileType = file.storyboard; name = Base; path = Base.lproj/Main.storyboard; sourceTree = "<group>"; };
		53EEDF16254B242D0039C5BC /* Assets.xcassets */ = {isa = PBXFileReference; lastKnownFileType = folder.assetcatalog; path = Assets.xcassets; sourceTree = "<group>"; };
		53EEDF19254B242D0039C5BC /* Base */ = {isa = PBXFileReference; lastKnownFileType = file.storyboard; name = Base; path = Base.lproj/LaunchScreen.storyboard; sourceTree = "<group>"; };
		53EEDF1B254B242D0039C5BC /* Info.plist */ = {isa = PBXFileReference; lastKnownFileType = text.plist.xml; path = Info.plist; sourceTree = "<group>"; };
		53EEDF20254B242D0039C5BC /* Friends Viewer AppTests.xctest */ = {isa = PBXFileReference; explicitFileType = wrapper.cfbundle; includeInIndex = 0; path = "Friends Viewer AppTests.xctest"; sourceTree = BUILT_PRODUCTS_DIR; };
		53EEDF24254B242D0039C5BC /* Friends_Viewer_AppTests.swift */ = {isa = PBXFileReference; lastKnownFileType = sourcecode.swift; path = Friends_Viewer_AppTests.swift; sourceTree = "<group>"; };
		53EEDF26254B242D0039C5BC /* Info.plist */ = {isa = PBXFileReference; lastKnownFileType = text.plist.xml; path = Info.plist; sourceTree = "<group>"; };
		53EEDF2B254B242D0039C5BC /* Friends Viewer AppUITests.xctest */ = {isa = PBXFileReference; explicitFileType = wrapper.cfbundle; includeInIndex = 0; path = "Friends Viewer AppUITests.xctest"; sourceTree = BUILT_PRODUCTS_DIR; };
		53EEDF2F254B242D0039C5BC /* Friends_Viewer_AppUITests.swift */ = {isa = PBXFileReference; lastKnownFileType = sourcecode.swift; path = Friends_Viewer_AppUITests.swift; sourceTree = "<group>"; };
		53EEDF31254B242D0039C5BC /* Info.plist */ = {isa = PBXFileReference; lastKnownFileType = text.plist.xml; path = Info.plist; sourceTree = "<group>"; };
		53EEDF40254B24430039C5BC /* Coordinator.swift */ = {isa = PBXFileReference; lastKnownFileType = sourcecode.swift; path = Coordinator.swift; sourceTree = "<group>"; };
		53EEDF45254B24680039C5BC /* MainCoordinator.swift */ = {isa = PBXFileReference; lastKnownFileType = sourcecode.swift; path = MainCoordinator.swift; sourceTree = "<group>"; };
		53EEDF4A254B247E0039C5BC /* Storyboarded.swift */ = {isa = PBXFileReference; lastKnownFileType = sourcecode.swift; path = Storyboarded.swift; sourceTree = "<group>"; };
		53EEDF52254B24A80039C5BC /* LoginViewController.swift */ = {isa = PBXFileReference; lastKnownFileType = sourcecode.swift; path = LoginViewController.swift; sourceTree = "<group>"; };
		53EEDF57254B24D30039C5BC /* AuthenticationService.swift */ = {isa = PBXFileReference; lastKnownFileType = sourcecode.swift; path = AuthenticationService.swift; sourceTree = "<group>"; };
		53EEDF5C254B38B50039C5BC /* Extensions.swift */ = {isa = PBXFileReference; lastKnownFileType = sourcecode.swift; path = Extensions.swift; sourceTree = "<group>"; };
		53EEDF61254B39B90039C5BC /* Endpoint.swift */ = {isa = PBXFileReference; lastKnownFileType = sourcecode.swift; path = Endpoint.swift; sourceTree = "<group>"; };
/* End PBXFileReference section */

/* Begin PBXFrameworksBuildPhase section */
		53EEDF07254B242B0039C5BC /* Frameworks */ = {
			isa = PBXFrameworksBuildPhase;
			buildActionMask = 2147483647;
			files = (
			);
			runOnlyForDeploymentPostprocessing = 0;
		};
		53EEDF1D254B242D0039C5BC /* Frameworks */ = {
			isa = PBXFrameworksBuildPhase;
			buildActionMask = 2147483647;
			files = (
			);
			runOnlyForDeploymentPostprocessing = 0;
		};
		53EEDF28254B242D0039C5BC /* Frameworks */ = {
			isa = PBXFrameworksBuildPhase;
			buildActionMask = 2147483647;
			files = (
			);
			runOnlyForDeploymentPostprocessing = 0;
		};
/* End PBXFrameworksBuildPhase section */

/* Begin PBXGroup section */
		53064589254C13E0002FF1A9 /* Authentication */ = {
			isa = PBXGroup;
			children = (
				53EEDF57254B24D30039C5BC /* AuthenticationService.swift */,
				5306459B254C2573002FF1A9 /* AuthEndpoint.swift */,
				530645A1254C2E36002FF1A9 /* AuthConstants.swift */,
			);
			path = Authentication;
			sourceTree = "<group>";
		};
		5306458A254C13EE002FF1A9 /* Services */ = {
			isa = PBXGroup;
			children = (
				53EEDF5C254B38B50039C5BC /* Extensions.swift */,
				53EEDF61254B39B90039C5BC /* Endpoint.swift */,
				53687DC3254CAFE400886D8C /* NetworkError.swift */,
				53687DBE254C4FE500886D8C /* DataLoader.swift */,
				53687DCB254D5D0D00886D8C /* Response.swift */,
				53064591254C1440002FF1A9 /* Protocols */,
				53064589254C13E0002FF1A9 /* Authentication */,
				53765187254C49C50067A817 /* Friends */,
				5376518D254C49E60067A817 /* User */,
			);
			path = Services;
			sourceTree = "<group>";
		};
		5306458E254C1419002FF1A9 /* View */ = {
			isa = PBXGroup;
			children = (
				5306458F254C1426002FF1A9 /* Storyboards */,
				53064590254C1432002FF1A9 /* Protocols */,
				534FB40D25533B0400B81EEE /* Reusables */,
				534FB40E25533B1800B81EEE /* Extensions */,
				53EEDF52254B24A80039C5BC /* LoginViewController.swift */,
				53765174254C401A0067A817 /* UserViewController.swift */,
				5354F84925515BBE0015798B /* FriendsListViewController.swift */,
				5354F853255165500015798B /* FriendCell.swift */,
			);
			path = View;
			sourceTree = "<group>";
		};
		5306458F254C1426002FF1A9 /* Storyboards */ = {
			isa = PBXGroup;
			children = (
				53EEDF13254B242B0039C5BC /* Main.storyboard */,
				53EEDF18254B242D0039C5BC /* LaunchScreen.storyboard */,
			);
			path = Storyboards;
			sourceTree = "<group>";
		};
		53064590254C1432002FF1A9 /* Protocols */ = {
			isa = PBXGroup;
			children = (
				5354F84E255164500015798B /* Cell.swift */,
				53EEDF4A254B247E0039C5BC /* Storyboarded.swift */,
			);
			path = Protocols;
			sourceTree = "<group>";
		};
		53064591254C1440002FF1A9 /* Protocols */ = {
			isa = PBXGroup;
			children = (
				53687DB4254C4C5D00886D8C /* ServiceError.swift */,
			);
			path = Protocols;
			sourceTree = "<group>";
		};
		530645A6254C34D0002FF1A9 /* Coordinators */ = {
			isa = PBXGroup;
			children = (
				53EEDF40254B24430039C5BC /* Coordinator.swift */,
				53EEDF45254B24680039C5BC /* MainCoordinator.swift */,
				53E09D462558680E00ACEF77 /* LoginCoordinator.swift */,
				53E09D4E25586F1F00ACEF77 /* UserCoordinator.swift */,
			);
			path = Coordinators;
			sourceTree = "<group>";
		};
		534FB40D25533B0400B81EEE /* Reusables */ = {
			isa = PBXGroup;
			children = (
				5354F844255159810015798B /* CircularImageView.swift */,
			);
			path = Reusables;
			sourceTree = "<group>";
		};
		534FB40E25533B1800B81EEE /* Extensions */ = {
			isa = PBXGroup;
			children = (
				538832E6254D7FB7004C6A73 /* ImageViewExtensions.swift */,
				534FB3FB2553348E00B81EEE /* ViewControllerExtension.swift */,
			);
			path = Extensions;
			sourceTree = "<group>";
		};
		5376517C254C411B0067A817 /* Model */ = {
			isa = PBXGroup;
			children = (
				5376517D254C413D0067A817 /* User.swift */,
			);
			path = Model;
			sourceTree = "<group>";
		};
		53765187254C49C50067A817 /* Friends */ = {
			isa = PBXGroup;
			children = (
				53765182254C49BC0067A817 /* FriendsService.swift */,
				530811FD2553EB3A0058BFAE /* FriendsConstants.swift */,
				530812022553F6340058BFAE /* FriendsContainer.swift */,
			);
			path = Friends;
			sourceTree = "<group>";
		};
		5376518D254C49E60067A817 /* User */ = {
			isa = PBXGroup;
			children = (
				53765188254C49DF0067A817 /* UserService.swift */,
				53765193254C4ABE0067A817 /* UserConstants.swift */,
			);
			path = User;
			sourceTree = "<group>";
		};
		53EEDF01254B242B0039C5BC = {
			isa = PBXGroup;
			children = (
				53EEDF0C254B242B0039C5BC /* Friends Viewer App */,
				53EEDF23254B242D0039C5BC /* Friends Viewer AppTests */,
				53EEDF2E254B242D0039C5BC /* Friends Viewer AppUITests */,
				53EEDF0B254B242B0039C5BC /* Products */,
			);
			sourceTree = "<group>";
		};
		53EEDF0B254B242B0039C5BC /* Products */ = {
			isa = PBXGroup;
			children = (
				53EEDF0A254B242B0039C5BC /* Friends Viewer App.app */,
				53EEDF20254B242D0039C5BC /* Friends Viewer AppTests.xctest */,
				53EEDF2B254B242D0039C5BC /* Friends Viewer AppUITests.xctest */,
			);
			name = Products;
			sourceTree = "<group>";
		};
		53EEDF0C254B242B0039C5BC /* Friends Viewer App */ = {
			isa = PBXGroup;
			children = (
				53EEDF1B254B242D0039C5BC /* Info.plist */,
				53EEDF16254B242D0039C5BC /* Assets.xcassets */,
				53EEDF0D254B242B0039C5BC /* AppDelegate.swift */,
				53EEDF0F254B242B0039C5BC /* SceneDelegate.swift */,
				5376517C254C411B0067A817 /* Model */,
				5306458E254C1419002FF1A9 /* View */,
				530645A6254C34D0002FF1A9 /* Coordinators */,
				5306458A254C13EE002FF1A9 /* Services */,
				5308120C255550130058BFAE /* Utils.swift */,
			);
			path = "Friends Viewer App";
			sourceTree = "<group>";
		};
		53EEDF23254B242D0039C5BC /* Friends Viewer AppTests */ = {
			isa = PBXGroup;
			children = (
				53EEDF24254B242D0039C5BC /* Friends_Viewer_AppTests.swift */,
				53EEDF26254B242D0039C5BC /* Info.plist */,
			);
			path = "Friends Viewer AppTests";
			sourceTree = "<group>";
		};
		53EEDF2E254B242D0039C5BC /* Friends Viewer AppUITests */ = {
			isa = PBXGroup;
			children = (
				53EEDF2F254B242D0039C5BC /* Friends_Viewer_AppUITests.swift */,
				53EEDF31254B242D0039C5BC /* Info.plist */,
			);
			path = "Friends Viewer AppUITests";
			sourceTree = "<group>";
		};
/* End PBXGroup section */

/* Begin PBXNativeTarget section */
		53EEDF09254B242B0039C5BC /* Friends Viewer App */ = {
			isa = PBXNativeTarget;
			buildConfigurationList = 53EEDF34254B242D0039C5BC /* Build configuration list for PBXNativeTarget "Friends Viewer App" */;
			buildPhases = (
				53EEDF06254B242B0039C5BC /* Sources */,
				53EEDF07254B242B0039C5BC /* Frameworks */,
				53EEDF08254B242B0039C5BC /* Resources */,
				537EEACC2559CE7900F1C5FB /* ShellScript */,
			);
			buildRules = (
			);
			dependencies = (
			);
			name = "Friends Viewer App";
			productName = "Friends Viewer App";
			productReference = 53EEDF0A254B242B0039C5BC /* Friends Viewer App.app */;
			productType = "com.apple.product-type.application";
		};
		53EEDF1F254B242D0039C5BC /* Friends Viewer AppTests */ = {
			isa = PBXNativeTarget;
			buildConfigurationList = 53EEDF37254B242D0039C5BC /* Build configuration list for PBXNativeTarget "Friends Viewer AppTests" */;
			buildPhases = (
				53EEDF1C254B242D0039C5BC /* Sources */,
				53EEDF1D254B242D0039C5BC /* Frameworks */,
				53EEDF1E254B242D0039C5BC /* Resources */,
			);
			buildRules = (
			);
			dependencies = (
				53EEDF22254B242D0039C5BC /* PBXTargetDependency */,
			);
			name = "Friends Viewer AppTests";
			productName = "Friends Viewer AppTests";
			productReference = 53EEDF20254B242D0039C5BC /* Friends Viewer AppTests.xctest */;
			productType = "com.apple.product-type.bundle.unit-test";
		};
		53EEDF2A254B242D0039C5BC /* Friends Viewer AppUITests */ = {
			isa = PBXNativeTarget;
			buildConfigurationList = 53EEDF3A254B242D0039C5BC /* Build configuration list for PBXNativeTarget "Friends Viewer AppUITests" */;
			buildPhases = (
				53EEDF27254B242D0039C5BC /* Sources */,
				53EEDF28254B242D0039C5BC /* Frameworks */,
				53EEDF29254B242D0039C5BC /* Resources */,
			);
			buildRules = (
			);
			dependencies = (
				53EEDF2D254B242D0039C5BC /* PBXTargetDependency */,
			);
			name = "Friends Viewer AppUITests";
			productName = "Friends Viewer AppUITests";
			productReference = 53EEDF2B254B242D0039C5BC /* Friends Viewer AppUITests.xctest */;
			productType = "com.apple.product-type.bundle.ui-testing";
		};
/* End PBXNativeTarget section */

/* Begin PBXProject section */
		53EEDF02254B242B0039C5BC /* Project object */ = {
			isa = PBXProject;
			attributes = {
				LastSwiftUpdateCheck = 1210;
				LastUpgradeCheck = 1210;
				TargetAttributes = {
					53EEDF09254B242B0039C5BC = {
						CreatedOnToolsVersion = 12.1;
					};
					53EEDF1F254B242D0039C5BC = {
						CreatedOnToolsVersion = 12.1;
						TestTargetID = 53EEDF09254B242B0039C5BC;
					};
					53EEDF2A254B242D0039C5BC = {
						CreatedOnToolsVersion = 12.1;
						TestTargetID = 53EEDF09254B242B0039C5BC;
					};
				};
			};
			buildConfigurationList = 53EEDF05254B242B0039C5BC /* Build configuration list for PBXProject "Friends Viewer App" */;
			compatibilityVersion = "Xcode 9.3";
			developmentRegion = en;
			hasScannedForEncodings = 0;
			knownRegions = (
				en,
				Base,
			);
			mainGroup = 53EEDF01254B242B0039C5BC;
			productRefGroup = 53EEDF0B254B242B0039C5BC /* Products */;
			projectDirPath = "";
			projectRoot = "";
			targets = (
				53EEDF09254B242B0039C5BC /* Friends Viewer App */,
				53EEDF1F254B242D0039C5BC /* Friends Viewer AppTests */,
				53EEDF2A254B242D0039C5BC /* Friends Viewer AppUITests */,
			);
		};
/* End PBXProject section */

/* Begin PBXResourcesBuildPhase section */
		53EEDF08254B242B0039C5BC /* Resources */ = {
			isa = PBXResourcesBuildPhase;
			buildActionMask = 2147483647;
			files = (
				53EEDF1A254B242D0039C5BC /* LaunchScreen.storyboard in Resources */,
				53EEDF17254B242D0039C5BC /* Assets.xcassets in Resources */,
				53EEDF15254B242B0039C5BC /* Main.storyboard in Resources */,
			);
			runOnlyForDeploymentPostprocessing = 0;
		};
		53EEDF1E254B242D0039C5BC /* Resources */ = {
			isa = PBXResourcesBuildPhase;
			buildActionMask = 2147483647;
			files = (
			);
			runOnlyForDeploymentPostprocessing = 0;
		};
		53EEDF29254B242D0039C5BC /* Resources */ = {
			isa = PBXResourcesBuildPhase;
			buildActionMask = 2147483647;
			files = (
			);
			runOnlyForDeploymentPostprocessing = 0;
		};
/* End PBXResourcesBuildPhase section */

/* Begin PBXShellScriptBuildPhase section */
		537EEACC2559CE7900F1C5FB /* ShellScript */ = {
			isa = PBXShellScriptBuildPhase;
			buildActionMask = 2147483647;
			files = (
			);
			inputFileListPaths = (
			);
			inputPaths = (
			);
			outputFileListPaths = (
			);
			outputPaths = (
			);
			runOnlyForDeploymentPostprocessing = 0;
			shellPath = /bin/sh;
			shellScript = "if which swiftlint >/dev/null; then\n  swiftlint\nelse\n  echo \"warning: SwiftLint not installed, download from https://github.com/realm/SwiftLint\"\nfi\n";
		};
/* End PBXShellScriptBuildPhase section */

/* Begin PBXSourcesBuildPhase section */
		53EEDF06254B242B0039C5BC /* Sources */ = {
			isa = PBXSourcesBuildPhase;
			buildActionMask = 2147483647;
			files = (
				53687DBF254C4FE500886D8C /* DataLoader.swift in Sources */,
				5376517E254C413D0067A817 /* User.swift in Sources */,
				53765183254C49BC0067A817 /* FriendsService.swift in Sources */,
				53EEDF53254B24A80039C5BC /* LoginViewController.swift in Sources */,
				5354F84F255164500015798B /* Cell.swift in Sources */,
				53765175254C401A0067A817 /* UserViewController.swift in Sources */,
				53E09D472558680E00ACEF77 /* LoginCoordinator.swift in Sources */,
				53EEDF62254B39B90039C5BC /* Endpoint.swift in Sources */,
				530811FE2553EB3A0058BFAE /* FriendsConstants.swift in Sources */,
				53EEDF41254B24430039C5BC /* Coordinator.swift in Sources */,
				5354F84A25515BBE0015798B /* FriendsListViewController.swift in Sources */,
				53687DB5254C4C5D00886D8C /* ServiceError.swift in Sources */,
				53EEDF0E254B242B0039C5BC /* AppDelegate.swift in Sources */,
				534FB3FC2553348F00B81EEE /* ViewControllerExtension.swift in Sources */,
				5354F854255165500015798B /* FriendCell.swift in Sources */,
				530812032553F6340058BFAE /* FriendsContainer.swift in Sources */,
				53EEDF5D254B38B50039C5BC /* Extensions.swift in Sources */,
				53EEDF46254B24680039C5BC /* MainCoordinator.swift in Sources */,
				5354F845255159810015798B /* CircularImageView.swift in Sources */,
				538832E7254D7FB7004C6A73 /* ImageViewExtensions.swift in Sources */,
				5308120D255550130058BFAE /* Utils.swift in Sources */,
				53E09D4F25586F1F00ACEF77 /* UserCoordinator.swift in Sources */,
				530645A2254C2E36002FF1A9 /* AuthConstants.swift in Sources */,
				53EEDF10254B242B0039C5BC /* SceneDelegate.swift in Sources */,
				53765189254C49DF0067A817 /* UserService.swift in Sources */,
				53687DC4254CAFE400886D8C /* NetworkError.swift in Sources */,
				53EEDF4B254B247E0039C5BC /* Storyboarded.swift in Sources */,
				53687DCC254D5D0D00886D8C /* Response.swift in Sources */,
				5306459C254C2573002FF1A9 /* AuthEndpoint.swift in Sources */,
				53765194254C4ABE0067A817 /* UserConstants.swift in Sources */,
				53EEDF58254B24D30039C5BC /* AuthenticationService.swift in Sources */,
			);
			runOnlyForDeploymentPostprocessing = 0;
		};
		53EEDF1C254B242D0039C5BC /* Sources */ = {
			isa = PBXSourcesBuildPhase;
			buildActionMask = 2147483647;
			files = (
				53EEDF25254B242D0039C5BC /* Friends_Viewer_AppTests.swift in Sources */,
			);
			runOnlyForDeploymentPostprocessing = 0;
		};
		53EEDF27254B242D0039C5BC /* Sources */ = {
			isa = PBXSourcesBuildPhase;
			buildActionMask = 2147483647;
			files = (
				53EEDF30254B242D0039C5BC /* Friends_Viewer_AppUITests.swift in Sources */,
			);
			runOnlyForDeploymentPostprocessing = 0;
		};
/* End PBXSourcesBuildPhase section */

/* Begin PBXTargetDependency section */
		53EEDF22254B242D0039C5BC /* PBXTargetDependency */ = {
			isa = PBXTargetDependency;
			target = 53EEDF09254B242B0039C5BC /* Friends Viewer App */;
			targetProxy = 53EEDF21254B242D0039C5BC /* PBXContainerItemProxy */;
		};
		53EEDF2D254B242D0039C5BC /* PBXTargetDependency */ = {
			isa = PBXTargetDependency;
			target = 53EEDF09254B242B0039C5BC /* Friends Viewer App */;
			targetProxy = 53EEDF2C254B242D0039C5BC /* PBXContainerItemProxy */;
		};
/* End PBXTargetDependency section */

/* Begin PBXVariantGroup section */
		53EEDF13254B242B0039C5BC /* Main.storyboard */ = {
			isa = PBXVariantGroup;
			children = (
				53EEDF14254B242B0039C5BC /* Base */,
			);
			name = Main.storyboard;
			sourceTree = "<group>";
		};
		53EEDF18254B242D0039C5BC /* LaunchScreen.storyboard */ = {
			isa = PBXVariantGroup;
			children = (
				53EEDF19254B242D0039C5BC /* Base */,
			);
			name = LaunchScreen.storyboard;
			sourceTree = "<group>";
		};
/* End PBXVariantGroup section */

/* Begin XCBuildConfiguration section */
		53EEDF32254B242D0039C5BC /* Debug */ = {
			isa = XCBuildConfiguration;
			buildSettings = {
				ALWAYS_SEARCH_USER_PATHS = NO;
				CLANG_ANALYZER_NONNULL = YES;
				CLANG_ANALYZER_NUMBER_OBJECT_CONVERSION = YES_AGGRESSIVE;
				CLANG_CXX_LANGUAGE_STANDARD = "gnu++14";
				CLANG_CXX_LIBRARY = "libc++";
				CLANG_ENABLE_MODULES = YES;
				CLANG_ENABLE_OBJC_ARC = YES;
				CLANG_ENABLE_OBJC_WEAK = YES;
				CLANG_WARN_BLOCK_CAPTURE_AUTORELEASING = YES;
				CLANG_WARN_BOOL_CONVERSION = YES;
				CLANG_WARN_COMMA = YES;
				CLANG_WARN_CONSTANT_CONVERSION = YES;
				CLANG_WARN_DEPRECATED_OBJC_IMPLEMENTATIONS = YES;
				CLANG_WARN_DIRECT_OBJC_ISA_USAGE = YES_ERROR;
				CLANG_WARN_DOCUMENTATION_COMMENTS = YES;
				CLANG_WARN_EMPTY_BODY = YES;
				CLANG_WARN_ENUM_CONVERSION = YES;
				CLANG_WARN_INFINITE_RECURSION = YES;
				CLANG_WARN_INT_CONVERSION = YES;
				CLANG_WARN_NON_LITERAL_NULL_CONVERSION = YES;
				CLANG_WARN_OBJC_IMPLICIT_RETAIN_SELF = YES;
				CLANG_WARN_OBJC_LITERAL_CONVERSION = YES;
				CLANG_WARN_OBJC_ROOT_CLASS = YES_ERROR;
				CLANG_WARN_QUOTED_INCLUDE_IN_FRAMEWORK_HEADER = YES;
				CLANG_WARN_RANGE_LOOP_ANALYSIS = YES;
				CLANG_WARN_STRICT_PROTOTYPES = YES;
				CLANG_WARN_SUSPICIOUS_MOVE = YES;
				CLANG_WARN_UNGUARDED_AVAILABILITY = YES_AGGRESSIVE;
				CLANG_WARN_UNREACHABLE_CODE = YES;
				CLANG_WARN__DUPLICATE_METHOD_MATCH = YES;
				COPY_PHASE_STRIP = NO;
				DEBUG_INFORMATION_FORMAT = dwarf;
				ENABLE_STRICT_OBJC_MSGSEND = YES;
				ENABLE_TESTABILITY = YES;
				GCC_C_LANGUAGE_STANDARD = gnu11;
				GCC_DYNAMIC_NO_PIC = NO;
				GCC_NO_COMMON_BLOCKS = YES;
				GCC_OPTIMIZATION_LEVEL = 0;
				GCC_PREPROCESSOR_DEFINITIONS = (
					"DEBUG=1",
					"$(inherited)",
				);
				GCC_WARN_64_TO_32_BIT_CONVERSION = YES;
				GCC_WARN_ABOUT_RETURN_TYPE = YES_ERROR;
				GCC_WARN_UNDECLARED_SELECTOR = YES;
				GCC_WARN_UNINITIALIZED_AUTOS = YES_AGGRESSIVE;
				GCC_WARN_UNUSED_FUNCTION = YES;
				GCC_WARN_UNUSED_VARIABLE = YES;
				IPHONEOS_DEPLOYMENT_TARGET = 14.1;
				MTL_ENABLE_DEBUG_INFO = INCLUDE_SOURCE;
				MTL_FAST_MATH = YES;
				ONLY_ACTIVE_ARCH = YES;
				SDKROOT = iphoneos;
				SWIFT_ACTIVE_COMPILATION_CONDITIONS = DEBUG;
				SWIFT_OPTIMIZATION_LEVEL = "-Onone";
			};
			name = Debug;
		};
		53EEDF33254B242D0039C5BC /* Release */ = {
			isa = XCBuildConfiguration;
			buildSettings = {
				ALWAYS_SEARCH_USER_PATHS = NO;
				CLANG_ANALYZER_NONNULL = YES;
				CLANG_ANALYZER_NUMBER_OBJECT_CONVERSION = YES_AGGRESSIVE;
				CLANG_CXX_LANGUAGE_STANDARD = "gnu++14";
				CLANG_CXX_LIBRARY = "libc++";
				CLANG_ENABLE_MODULES = YES;
				CLANG_ENABLE_OBJC_ARC = YES;
				CLANG_ENABLE_OBJC_WEAK = YES;
				CLANG_WARN_BLOCK_CAPTURE_AUTORELEASING = YES;
				CLANG_WARN_BOOL_CONVERSION = YES;
				CLANG_WARN_COMMA = YES;
				CLANG_WARN_CONSTANT_CONVERSION = YES;
				CLANG_WARN_DEPRECATED_OBJC_IMPLEMENTATIONS = YES;
				CLANG_WARN_DIRECT_OBJC_ISA_USAGE = YES_ERROR;
				CLANG_WARN_DOCUMENTATION_COMMENTS = YES;
				CLANG_WARN_EMPTY_BODY = YES;
				CLANG_WARN_ENUM_CONVERSION = YES;
				CLANG_WARN_INFINITE_RECURSION = YES;
				CLANG_WARN_INT_CONVERSION = YES;
				CLANG_WARN_NON_LITERAL_NULL_CONVERSION = YES;
				CLANG_WARN_OBJC_IMPLICIT_RETAIN_SELF = YES;
				CLANG_WARN_OBJC_LITERAL_CONVERSION = YES;
				CLANG_WARN_OBJC_ROOT_CLASS = YES_ERROR;
				CLANG_WARN_QUOTED_INCLUDE_IN_FRAMEWORK_HEADER = YES;
				CLANG_WARN_RANGE_LOOP_ANALYSIS = YES;
				CLANG_WARN_STRICT_PROTOTYPES = YES;
				CLANG_WARN_SUSPICIOUS_MOVE = YES;
				CLANG_WARN_UNGUARDED_AVAILABILITY = YES_AGGRESSIVE;
				CLANG_WARN_UNREACHABLE_CODE = YES;
				CLANG_WARN__DUPLICATE_METHOD_MATCH = YES;
				COPY_PHASE_STRIP = NO;
				DEBUG_INFORMATION_FORMAT = "dwarf-with-dsym";
				ENABLE_NS_ASSERTIONS = NO;
				ENABLE_STRICT_OBJC_MSGSEND = YES;
				GCC_C_LANGUAGE_STANDARD = gnu11;
				GCC_NO_COMMON_BLOCKS = YES;
				GCC_WARN_64_TO_32_BIT_CONVERSION = YES;
				GCC_WARN_ABOUT_RETURN_TYPE = YES_ERROR;
				GCC_WARN_UNDECLARED_SELECTOR = YES;
				GCC_WARN_UNINITIALIZED_AUTOS = YES_AGGRESSIVE;
				GCC_WARN_UNUSED_FUNCTION = YES;
				GCC_WARN_UNUSED_VARIABLE = YES;
				IPHONEOS_DEPLOYMENT_TARGET = 14.1;
				MTL_ENABLE_DEBUG_INFO = NO;
				MTL_FAST_MATH = YES;
				SDKROOT = iphoneos;
				SWIFT_COMPILATION_MODE = wholemodule;
				SWIFT_OPTIMIZATION_LEVEL = "-O";
				VALIDATE_PRODUCT = YES;
			};
			name = Release;
		};
		53EEDF35254B242D0039C5BC /* Debug */ = {
			isa = XCBuildConfiguration;
			buildSettings = {
				ASSETCATALOG_COMPILER_APPICON_NAME = AppIcon;
				ASSETCATALOG_COMPILER_GLOBAL_ACCENT_COLOR_NAME = AccentColor;
				CODE_SIGN_STYLE = Automatic;
				DEVELOPMENT_TEAM = KWBTKM2BDA;
				INFOPLIST_FILE = "Friends Viewer App/Info.plist";
				LD_RUNPATH_SEARCH_PATHS = (
					"$(inherited)",
					"@executable_path/Frameworks",
				);
				PRODUCT_BUNDLE_IDENTIFIER = "Terky.Friends-Viewer-App";
				PRODUCT_NAME = "$(TARGET_NAME)";
				SWIFT_VERSION = 5.0;
				TARGETED_DEVICE_FAMILY = "1,2";
			};
			name = Debug;
		};
		53EEDF36254B242D0039C5BC /* Release */ = {
			isa = XCBuildConfiguration;
			buildSettings = {
				ASSETCATALOG_COMPILER_APPICON_NAME = AppIcon;
				ASSETCATALOG_COMPILER_GLOBAL_ACCENT_COLOR_NAME = AccentColor;
				CODE_SIGN_STYLE = Automatic;
				DEVELOPMENT_TEAM = KWBTKM2BDA;
				INFOPLIST_FILE = "Friends Viewer App/Info.plist";
				LD_RUNPATH_SEARCH_PATHS = (
					"$(inherited)",
					"@executable_path/Frameworks",
				);
				PRODUCT_BUNDLE_IDENTIFIER = "Terky.Friends-Viewer-App";
				PRODUCT_NAME = "$(TARGET_NAME)";
				SWIFT_VERSION = 5.0;
				TARGETED_DEVICE_FAMILY = "1,2";
			};
			name = Release;
		};
		53EEDF38254B242D0039C5BC /* Debug */ = {
			isa = XCBuildConfiguration;
			buildSettings = {
				ALWAYS_EMBED_SWIFT_STANDARD_LIBRARIES = YES;
				BUNDLE_LOADER = "$(TEST_HOST)";
				CODE_SIGN_STYLE = Automatic;
				DEVELOPMENT_TEAM = KWBTKM2BDA;
				INFOPLIST_FILE = "Friends Viewer AppTests/Info.plist";
				IPHONEOS_DEPLOYMENT_TARGET = 14.1;
				LD_RUNPATH_SEARCH_PATHS = (
					"$(inherited)",
					"@executable_path/Frameworks",
					"@loader_path/Frameworks",
				);
				PRODUCT_BUNDLE_IDENTIFIER = "Terky.Friends-Viewer-AppTests";
				PRODUCT_NAME = "$(TARGET_NAME)";
				SWIFT_VERSION = 5.0;
				TARGETED_DEVICE_FAMILY = "1,2";
				TEST_HOST = "$(BUILT_PRODUCTS_DIR)/Friends Viewer App.app/Friends Viewer App";
			};
			name = Debug;
		};
		53EEDF39254B242D0039C5BC /* Release */ = {
			isa = XCBuildConfiguration;
			buildSettings = {
				ALWAYS_EMBED_SWIFT_STANDARD_LIBRARIES = YES;
				BUNDLE_LOADER = "$(TEST_HOST)";
				CODE_SIGN_STYLE = Automatic;
				DEVELOPMENT_TEAM = KWBTKM2BDA;
				INFOPLIST_FILE = "Friends Viewer AppTests/Info.plist";
				IPHONEOS_DEPLOYMENT_TARGET = 14.1;
				LD_RUNPATH_SEARCH_PATHS = (
					"$(inherited)",
					"@executable_path/Frameworks",
					"@loader_path/Frameworks",
				);
				PRODUCT_BUNDLE_IDENTIFIER = "Terky.Friends-Viewer-AppTests";
				PRODUCT_NAME = "$(TARGET_NAME)";
				SWIFT_VERSION = 5.0;
				TARGETED_DEVICE_FAMILY = "1,2";
				TEST_HOST = "$(BUILT_PRODUCTS_DIR)/Friends Viewer App.app/Friends Viewer App";
			};
			name = Release;
		};
		53EEDF3B254B242D0039C5BC /* Debug */ = {
			isa = XCBuildConfiguration;
			buildSettings = {
				ALWAYS_EMBED_SWIFT_STANDARD_LIBRARIES = YES;
				CODE_SIGN_STYLE = Automatic;
				DEVELOPMENT_TEAM = KWBTKM2BDA;
				INFOPLIST_FILE = "Friends Viewer AppUITests/Info.plist";
				LD_RUNPATH_SEARCH_PATHS = (
					"$(inherited)",
					"@executable_path/Frameworks",
					"@loader_path/Frameworks",
				);
				PRODUCT_BUNDLE_IDENTIFIER = "Terky.Friends-Viewer-AppUITests";
				PRODUCT_NAME = "$(TARGET_NAME)";
				SWIFT_VERSION = 5.0;
				TARGETED_DEVICE_FAMILY = "1,2";
				TEST_TARGET_NAME = "Friends Viewer App";
			};
			name = Debug;
		};
		53EEDF3C254B242D0039C5BC /* Release */ = {
			isa = XCBuildConfiguration;
			buildSettings = {
				ALWAYS_EMBED_SWIFT_STANDARD_LIBRARIES = YES;
				CODE_SIGN_STYLE = Automatic;
				DEVELOPMENT_TEAM = KWBTKM2BDA;
				INFOPLIST_FILE = "Friends Viewer AppUITests/Info.plist";
				LD_RUNPATH_SEARCH_PATHS = (
					"$(inherited)",
					"@executable_path/Frameworks",
					"@loader_path/Frameworks",
				);
				PRODUCT_BUNDLE_IDENTIFIER = "Terky.Friends-Viewer-AppUITests";
				PRODUCT_NAME = "$(TARGET_NAME)";
				SWIFT_VERSION = 5.0;
				TARGETED_DEVICE_FAMILY = "1,2";
				TEST_TARGET_NAME = "Friends Viewer App";
			};
			name = Release;
		};
/* End XCBuildConfiguration section */

/* Begin XCConfigurationList section */
		53EEDF05254B242B0039C5BC /* Build configuration list for PBXProject "Friends Viewer App" */ = {
			isa = XCConfigurationList;
			buildConfigurations = (
				53EEDF32254B242D0039C5BC /* Debug */,
				53EEDF33254B242D0039C5BC /* Release */,
			);
			defaultConfigurationIsVisible = 0;
			defaultConfigurationName = Release;
		};
		53EEDF34254B242D0039C5BC /* Build configuration list for PBXNativeTarget "Friends Viewer App" */ = {
			isa = XCConfigurationList;
			buildConfigurations = (
				53EEDF35254B242D0039C5BC /* Debug */,
				53EEDF36254B242D0039C5BC /* Release */,
			);
			defaultConfigurationIsVisible = 0;
			defaultConfigurationName = Release;
		};
		53EEDF37254B242D0039C5BC /* Build configuration list for PBXNativeTarget "Friends Viewer AppTests" */ = {
			isa = XCConfigurationList;
			buildConfigurations = (
				53EEDF38254B242D0039C5BC /* Debug */,
				53EEDF39254B242D0039C5BC /* Release */,
			);
			defaultConfigurationIsVisible = 0;
			defaultConfigurationName = Release;
		};
		53EEDF3A254B242D0039C5BC /* Build configuration list for PBXNativeTarget "Friends Viewer AppUITests" */ = {
			isa = XCConfigurationList;
			buildConfigurations = (
				53EEDF3B254B242D0039C5BC /* Debug */,
				53EEDF3C254B242D0039C5BC /* Release */,
			);
			defaultConfigurationIsVisible = 0;
			defaultConfigurationName = Release;
		};
/* End XCConfigurationList section */
	};
	rootObject = 53EEDF02254B242B0039C5BC /* Project object */;
}
